// !$*UTF8*$!
{
	archiveVersion = 1;
	classes = {
	};
	objectVersion = 77;
	objects = {

/* Begin PBXBuildFile section */
		05F84CE61D2718991770EB90 /* Appearance.swift in Sources */ = {isa = PBXBuildFile; fileRef = A5E00B43D57A69F9E8B193A8 /* Appearance.swift */; };
		0D3DF618174B2FD9FB87596A /* AccessLogStore.swift in Sources */ = {isa = PBXBuildFile; fileRef = 967DAF83408241EA624DBFC9 /* AccessLogStore.swift */; };
		0D5E99F6AF206384858BBAD9 /* SyncStatusCard.swift in Sources */ = {isa = PBXBuildFile; fileRef = 88F65C5E84E0D4188346AFFE /* SyncStatusCard.swift */; };
		11EDC7911624EEC79CF82EC1 /* DisclosureGateView.swift in Sources */ = {isa = PBXBuildFile; fileRef = BFA020D8EC59095C8EF1BFE8 /* DisclosureGateView.swift */; };
		126118109E28694930D6580C /* MetricCatalog.generated.swift in Sources */ = {isa = PBXBuildFile; fileRef = 55A27277D6B5C3684593F23D /* MetricCatalog.generated.swift */; };
		1C7537EBAD46F7A95D99AA39 /* HealthSync.swift in Sources */ = {isa = PBXBuildFile; fileRef = DB00AFC61FBB6F79500B728D /* HealthSync.swift */; };
		230728BF1908DB5F1B976B57 /* WaveletApp.swift in Sources */ = {isa = PBXBuildFile; fileRef = 09AE50B8B5C55E63714ED216 /* WaveletApp.swift */; };
		2E733EB70DFE3D79968AE120 /* HealthAccess.swift in Sources */ = {isa = PBXBuildFile; fileRef = 785F9C270D86337EE0936F9B /* HealthAccess.swift */; };
		2F0671A89B38F7BFD8DA373F /* CategoryDetailView.swift in Sources */ = {isa = PBXBuildFile; fileRef = 2648874E13E8A3AF0FA82051 /* CategoryDetailView.swift */; };
		3CFA96F7BA21C1558CC16EFA /* MetricPickerView.swift in Sources */ = {isa = PBXBuildFile; fileRef = 2728578EE26B525DA5A7CC7C /* MetricPickerView.swift */; };
		46FC1D63AFCF4CF39AF4DEB5 /* AccountPanel.swift in Sources */ = {isa = PBXBuildFile; fileRef = E35D8BAE2A2233F9ECFC708B /* AccountPanel.swift */; };
		5065DB1D8A0961F29BEA6FFC /* MetricSelection.swift in Sources */ = {isa = PBXBuildFile; fileRef = C9167E3A408148F7C8D5CB97 /* MetricSelection.swift */; };
		5AA1ADBBD7318802DEEA0B9E /* SyncRows.swift in Sources */ = {isa = PBXBuildFile; fileRef = E0A586D755CDDE9462E3629C /* SyncRows.swift */; };
		5E20C556B967757D002749B3 /* ConnectGuideView.swift in Sources */ = {isa = PBXBuildFile; fileRef = B3934199693E70C8EA9132EA /* ConnectGuideView.swift */; };
		74697963952A0DFCB092E342 /* Supabase in Frameworks */ = {isa = PBXBuildFile; productRef = E40D8A313FEF5E3D4601A10E /* Supabase */; };
		7796ADE1AEEFACBF9F23F409 /* GlassCard.swift in Sources */ = {isa = PBXBuildFile; fileRef = ADE14040DF5E591D1C73E7A1 /* GlassCard.swift */; };
		7E91BBDBB67D6DD9431FC696 /* MetricUnits.swift in Sources */ = {isa = PBXBuildFile; fileRef = D64C7555EA90285B72EED6D1 /* MetricUnits.swift */; };
		9D7053ADF561D9C56B6EE579 /* ActivityTab.swift in Sources */ = {isa = PBXBuildFile; fileRef = 4D6A3001DEDCFF79097455B4 /* ActivityTab.swift */; };
		A5F09A6FB0B3E236D547649C /* SettingsTab.swift in Sources */ = {isa = PBXBuildFile; fileRef = 45A2326A5EA84DF7C587DB28 /* SettingsTab.swift */; };
		AE13B029568A5A67A0B8922C /* OverviewTab.swift in Sources */ = {isa = PBXBuildFile; fileRef = 47B7772D52C3E6D1E95193CB /* OverviewTab.swift */; };
		AEDE9CF27552BC7B7A41D9ED /* Localizable.xcstrings in Resources */ = {isa = PBXBuildFile; fileRef = F7A52688756BD3D1FA6DCEF0 /* Localizable.xcstrings */; };
		B0ADDCAF08E6296383296F62 /* StatTile.swift in Sources */ = {isa = PBXBuildFile; fileRef = 25A673C421EE48C7494D8D4E /* StatTile.swift */; };
		B317865AEBCB123CBDC5F307 /* AccountStore.swift in Sources */ = {isa = PBXBuildFile; fileRef = DDF5EEBE26C922F9F9461682 /* AccountStore.swift */; };
		B92A1BE01BB184DC465C4B0D /* SyncStatus.swift in Sources */ = {isa = PBXBuildFile; fileRef = 36553AAF381017A74F7645A3 /* SyncStatus.swift */; };
		CB824554CB8125267B35B757 /* Backend.swift in Sources */ = {isa = PBXBuildFile; fileRef = 3C06CE6CF8A53B0B8AC1BDA7 /* Backend.swift */; };
		CD6D6E66816F872D65857EE2 /* SyncLog.swift in Sources */ = {isa = PBXBuildFile; fileRef = B5BA5A2E77B1C3BC4B643693 /* SyncLog.swift */; };
		F42AEEE4E15017B77E107FA9 /* CategorySync.swift in Sources */ = {isa = PBXBuildFile; fileRef = 8C74A43452B351C1A42356B5 /* CategorySync.swift */; };
		FBD546E8CF0A69B708AF07FB /* RootView.swift in Sources */ = {isa = PBXBuildFile; fileRef = 47D2C8BF5671881B10E96292 /* RootView.swift */; };
/* End PBXBuildFile section */

/* Begin PBXFileReference section */
		09AE50B8B5C55E63714ED216 /* WaveletApp.swift */ = {isa = PBXFileReference; lastKnownFileType = sourcecode.swift; path = WaveletApp.swift; sourceTree = "<group>"; };
		22881D1451AC2F7B7A7D847A /* Wavelet.app */ = {isa = PBXFileReference; includeInIndex = 0; lastKnownFileType = wrapper.application; path = Wavelet.app; sourceTree = BUILT_PRODUCTS_DIR; };
		25A673C421EE48C7494D8D4E /* StatTile.swift */ = {isa = PBXFileReference; lastKnownFileType = sourcecode.swift; path = StatTile.swift; sourceTree = "<group>"; };
		2648874E13E8A3AF0FA82051 /* CategoryDetailView.swift */ = {isa = PBXFileReference; lastKnownFileType = sourcecode.swift; path = CategoryDetailView.swift; sourceTree = "<group>"; };
		2728578EE26B525DA5A7CC7C /* MetricPickerView.swift */ = {isa = PBXFileReference; lastKnownFileType = sourcecode.swift; path = MetricPickerView.swift; sourceTree = "<group>"; };
		36553AAF381017A74F7645A3 /* SyncStatus.swift */ = {isa = PBXFileReference; lastKnownFileType = sourcecode.swift; path = SyncStatus.swift; sourceTree = "<group>"; };
		3C06CE6CF8A53B0B8AC1BDA7 /* Backend.swift */ = {isa = PBXFileReference; lastKnownFileType = sourcecode.swift; path = Backend.swift; sourceTree = "<group>"; };
		45A2326A5EA84DF7C587DB28 /* SettingsTab.swift */ = {isa = PBXFileReference; lastKnownFileType = sourcecode.swift; path = SettingsTab.swift; sourceTree = "<group>"; };
		47B7772D52C3E6D1E95193CB /* OverviewTab.swift */ = {isa = PBXFileReference; lastKnownFileType = sourcecode.swift; path = OverviewTab.swift; sourceTree = "<group>"; };
		47D2C8BF5671881B10E96292 /* RootView.swift */ = {isa = PBXFileReference; lastKnownFileType = sourcecode.swift; path = RootView.swift; sourceTree = "<group>"; };
		4D6A3001DEDCFF79097455B4 /* ActivityTab.swift */ = {isa = PBXFileReference; lastKnownFileType = sourcecode.swift; path = ActivityTab.swift; sourceTree = "<group>"; };
		55A27277D6B5C3684593F23D /* MetricCatalog.generated.swift */ = {isa = PBXFileReference; lastKnownFileType = sourcecode.swift; path = MetricCatalog.generated.swift; sourceTree = "<group>"; };
		785F9C270D86337EE0936F9B /* HealthAccess.swift */ = {isa = PBXFileReference; lastKnownFileType = sourcecode.swift; path = HealthAccess.swift; sourceTree = "<group>"; };
		88F65C5E84E0D4188346AFFE /* SyncStatusCard.swift */ = {isa = PBXFileReference; lastKnownFileType = sourcecode.swift; path = SyncStatusCard.swift; sourceTree = "<group>"; };
		8C74A43452B351C1A42356B5 /* CategorySync.swift */ = {isa = PBXFileReference; lastKnownFileType = sourcecode.swift; path = CategorySync.swift; sourceTree = "<group>"; };
		94266C7664FEB783669C5212 /* Info.plist */ = {isa = PBXFileReference; lastKnownFileType = text.plist; path = Info.plist; sourceTree = "<group>"; };
		967DAF83408241EA624DBFC9 /* AccessLogStore.swift */ = {isa = PBXFileReference; lastKnownFileType = sourcecode.swift; path = AccessLogStore.swift; sourceTree = "<group>"; };
		A5E00B43D57A69F9E8B193A8 /* Appearance.swift */ = {isa = PBXFileReference; lastKnownFileType = sourcecode.swift; path = Appearance.swift; sourceTree = "<group>"; };
		A7FD08DB52BB24A5575CE90C /* Wavelet.entitlements */ = {isa = PBXFileReference; lastKnownFileType = text.plist.entitlements; path = Wavelet.entitlements; sourceTree = "<group>"; };
		ADE14040DF5E591D1C73E7A1 /* GlassCard.swift */ = {isa = PBXFileReference; lastKnownFileType = sourcecode.swift; path = GlassCard.swift; sourceTree = "<group>"; };
		B3934199693E70C8EA9132EA /* ConnectGuideView.swift */ = {isa = PBXFileReference; lastKnownFileType = sourcecode.swift; path = ConnectGuideView.swift; sourceTree = "<group>"; };
		B5BA5A2E77B1C3BC4B643693 /* SyncLog.swift */ = {isa = PBXFileReference; lastKnownFileType = sourcecode.swift; path = SyncLog.swift; sourceTree = "<group>"; };
		BFA020D8EC59095C8EF1BFE8 /* DisclosureGateView.swift */ = {isa = PBXFileReference; lastKnownFileType = sourcecode.swift; path = DisclosureGateView.swift; sourceTree = "<group>"; };
		C9167E3A408148F7C8D5CB97 /* MetricSelection.swift */ = {isa = PBXFileReference; lastKnownFileType = sourcecode.swift; path = MetricSelection.swift; sourceTree = "<group>"; };
		D64C7555EA90285B72EED6D1 /* MetricUnits.swift */ = {isa = PBXFileReference; lastKnownFileType = sourcecode.swift; path = MetricUnits.swift; sourceTree = "<group>"; };
		DB00AFC61FBB6F79500B728D /* HealthSync.swift */ = {isa = PBXFileReference; lastKnownFileType = sourcecode.swift; path = HealthSync.swift; sourceTree = "<group>"; };
		DDF5EEBE26C922F9F9461682 /* AccountStore.swift */ = {isa = PBXFileReference; lastKnownFileType = sourcecode.swift; path = AccountStore.swift; sourceTree = "<group>"; };
		E0A586D755CDDE9462E3629C /* SyncRows.swift */ = {isa = PBXFileReference; lastKnownFileType = sourcecode.swift; path = SyncRows.swift; sourceTree = "<group>"; };
		E35D8BAE2A2233F9ECFC708B /* AccountPanel.swift */ = {isa = PBXFileReference; lastKnownFileType = sourcecode.swift; path = AccountPanel.swift; sourceTree = "<group>"; };
		F7A52688756BD3D1FA6DCEF0 /* Localizable.xcstrings */ = {isa = PBXFileReference; lastKnownFileType = text.json.xcstrings; path = Localizable.xcstrings; sourceTree = "<group>"; };
/* End PBXFileReference section */

/* Begin PBXFrameworksBuildPhase section */
		56BA76DF35ACA90F05725912 /* Frameworks */ = {
			isa = PBXFrameworksBuildPhase;
			buildActionMask = 2147483647;
			files = (
				74697963952A0DFCB092E342 /* Supabase in Frameworks */,
			);
			runOnlyForDeploymentPostprocessing = 0;
		};
/* End PBXFrameworksBuildPhase section */

/* Begin PBXGroup section */
		03197961877DB974380B06C1 /* Health */ = {
			isa = PBXGroup;
			children = (
				8C74A43452B351C1A42356B5 /* CategorySync.swift */,
				785F9C270D86337EE0936F9B /* HealthAccess.swift */,
				DB00AFC61FBB6F79500B728D /* HealthSync.swift */,
				55A27277D6B5C3684593F23D /* MetricCatalog.generated.swift */,
				C9167E3A408148F7C8D5CB97 /* MetricSelection.swift */,
				D64C7555EA90285B72EED6D1 /* MetricUnits.swift */,
				B5BA5A2E77B1C3BC4B643693 /* SyncLog.swift */,
				E0A586D755CDDE9462E3629C /* SyncRows.swift */,
				36553AAF381017A74F7645A3 /* SyncStatus.swift */,
			);
			path = Health;
			sourceTree = "<group>";
		};
		3906F956FA27613083D68B03 /* Support */ = {
			isa = PBXGroup;
			children = (
				94266C7664FEB783669C5212 /* Info.plist */,
				F7A52688756BD3D1FA6DCEF0 /* Localizable.xcstrings */,
				A7FD08DB52BB24A5575CE90C /* Wavelet.entitlements */,
			);
			path = Support;
			sourceTree = "<group>";
		};
		40C749D439D94FC40C9FDEF2 /* Views */ = {
			isa = PBXGroup;
			children = (
				E35D8BAE2A2233F9ECFC708B /* AccountPanel.swift */,
				4D6A3001DEDCFF79097455B4 /* ActivityTab.swift */,
				2648874E13E8A3AF0FA82051 /* CategoryDetailView.swift */,
				B3934199693E70C8EA9132EA /* ConnectGuideView.swift */,
				BFA020D8EC59095C8EF1BFE8 /* DisclosureGateView.swift */,
				2728578EE26B525DA5A7CC7C /* MetricPickerView.swift */,
				47B7772D52C3E6D1E95193CB /* OverviewTab.swift */,
				47D2C8BF5671881B10E96292 /* RootView.swift */,
				45A2326A5EA84DF7C587DB28 /* SettingsTab.swift */,
				88F65C5E84E0D4188346AFFE /* SyncStatusCard.swift */,
				E7B5759F2A2F35D40F028AF2 /* Components */,
			);
			path = Views;
			sourceTree = "<group>";
		};
		45C98E8E8913E216BBD18AF2 = {
			isa = PBXGroup;
			children = (
				71FAFF81C266E642A1258044 /* Sources */,
				F3E04DB51A1399CCBC0D7AB2 /* Products */,
			);
			sourceTree = "<group>";
		};
		71FAFF81C266E642A1258044 /* Sources */ = {
			isa = PBXGroup;
			children = (
				A5E00B43D57A69F9E8B193A8 /* Appearance.swift */,
				09AE50B8B5C55E63714ED216 /* WaveletApp.swift */,
				C10B5381FF3BEF4D61CDE919 /* Backend */,
				03197961877DB974380B06C1 /* Health */,
				3906F956FA27613083D68B03 /* Support */,
				40C749D439D94FC40C9FDEF2 /* Views */,
			);
			path = Sources;
			sourceTree = "<group>";
		};
		C10B5381FF3BEF4D61CDE919 /* Backend */ = {
			isa = PBXGroup;
			children = (
				967DAF83408241EA624DBFC9 /* AccessLogStore.swift */,
				DDF5EEBE26C922F9F9461682 /* AccountStore.swift */,
				3C06CE6CF8A53B0B8AC1BDA7 /* Backend.swift */,
			);
			path = Backend;
			sourceTree = "<group>";
		};
		E7B5759F2A2F35D40F028AF2 /* Components */ = {
			isa = PBXGroup;
			children = (
				ADE14040DF5E591D1C73E7A1 /* GlassCard.swift */,
				25A673C421EE48C7494D8D4E /* StatTile.swift */,
			);
			path = Components;
			sourceTree = "<group>";
		};
		F3E04DB51A1399CCBC0D7AB2 /* Products */ = {
			isa = PBXGroup;
			children = (
				22881D1451AC2F7B7A7D847A /* Wavelet.app */,
			);
			name = Products;
			sourceTree = "<group>";
		};
/* End PBXGroup section */

/* Begin PBXNativeTarget section */
		B61A6470F61A7D8F51208990 /* Wavelet */ = {
			isa = PBXNativeTarget;
			buildConfigurationList = 08855AF922ED2AB36AF6DE67 /* Build configuration list for PBXNativeTarget "Wavelet" */;
			buildPhases = (
				475F46B995CB72DD51B633E1 /* Sources */,
				12F81B392C6D924C40B5FDC3 /* Resources */,
				56BA76DF35ACA90F05725912 /* Frameworks */,
			);
			buildRules = (
			);
			dependencies = (
			);
			name = Wavelet;
			packageProductDependencies = (
				E40D8A313FEF5E3D4601A10E /* Supabase */,
			);
			productName = Wavelet;
			productReference = 22881D1451AC2F7B7A7D847A /* Wavelet.app */;
			productType = "com.apple.product-type.application";
		};
/* End PBXNativeTarget section */

/* Begin PBXProject section */
		872BCE8B7489A492ED8873E1 /* Project object */ = {
			isa = PBXProject;
			attributes = {
				BuildIndependentTargetsInParallel = YES;
				LastUpgradeCheck = 1430;
				TargetAttributes = {
					B61A6470F61A7D8F51208990 = {
						DevelopmentTeam = M45V83ZMD8;
						ProvisioningStyle = Automatic;
					};
				};
			};
			buildConfigurationList = 20C4E4CDD7EAC8C2174252F5 /* Build configuration list for PBXProject "Wavelet" */;
			developmentRegion = en;
			hasScannedForEncodings = 0;
			knownRegions = (
				Base,
				de,
				en,
			);
			mainGroup = 45C98E8E8913E216BBD18AF2;
			minimizedProjectReferenceProxies = 1;
			packageReferences = (
				23C569D56A4E978603A733CE /* XCRemoteSwiftPackageReference "supabase-swift" */,
			);
			preferredProjectObjectVersion = 77;
			productRefGroup = F3E04DB51A1399CCBC0D7AB2 /* Products */;
			projectDirPath = "";
			projectRoot = "";
			targets = (
				B61A6470F61A7D8F51208990 /* Wavelet */,
			);
		};
/* End PBXProject section */

/* Begin PBXResourcesBuildPhase section */
		12F81B392C6D924C40B5FDC3 /* Resources */ = {
			isa = PBXResourcesBuildPhase;
			buildActionMask = 2147483647;
			files = (
				AEDE9CF27552BC7B7A41D9ED /* Localizable.xcstrings in Resources */,
			);
			runOnlyForDeploymentPostprocessing = 0;
		};
/* End PBXResourcesBuildPhase section */

/* Begin PBXSourcesBuildPhase section */
		475F46B995CB72DD51B633E1 /* Sources */ = {
			isa = PBXSourcesBuildPhase;
			buildActionMask = 2147483647;
			files = (
				0D3DF618174B2FD9FB87596A /* AccessLogStore.swift in Sources */,
				46FC1D63AFCF4CF39AF4DEB5 /* AccountPanel.swift in Sources */,
				B317865AEBCB123CBDC5F307 /* AccountStore.swift in Sources */,
				9D7053ADF561D9C56B6EE579 /* ActivityTab.swift in Sources */,
				05F84CE61D2718991770EB90 /* Appearance.swift in Sources */,
				CB824554CB8125267B35B757 /* Backend.swift in Sources */,
				2F0671A89B38F7BFD8DA373F /* CategoryDetailView.swift in Sources */,
				F42AEEE4E15017B77E107FA9 /* CategorySync.swift in Sources */,
				5E20C556B967757D002749B3 /* ConnectGuideView.swift in Sources */,
				11EDC7911624EEC79CF82EC1 /* DisclosureGateView.swift in Sources */,
				7796ADE1AEEFACBF9F23F409 /* GlassCard.swift in Sources */,
				2E733EB70DFE3D79968AE120 /* HealthAccess.swift in Sources */,
				1C7537EBAD46F7A95D99AA39 /* HealthSync.swift in Sources */,
				126118109E28694930D6580C /* MetricCatalog.generated.swift in Sources */,
				3CFA96F7BA21C1558CC16EFA /* MetricPickerView.swift in Sources */,
				5065DB1D8A0961F29BEA6FFC /* MetricSelection.swift in Sources */,
				7E91BBDBB67D6DD9431FC696 /* MetricUnits.swift in Sources */,
				AE13B029568A5A67A0B8922C /* OverviewTab.swift in Sources */,
				FBD546E8CF0A69B708AF07FB /* RootView.swift in Sources */,
				A5F09A6FB0B3E236D547649C /* SettingsTab.swift in Sources */,
				B0ADDCAF08E6296383296F62 /* StatTile.swift in Sources */,
				CD6D6E66816F872D65857EE2 /* SyncLog.swift in Sources */,
				5AA1ADBBD7318802DEEA0B9E /* SyncRows.swift in Sources */,
				B92A1BE01BB184DC465C4B0D /* SyncStatus.swift in Sources */,
				0D5E99F6AF206384858BBAD9 /* SyncStatusCard.swift in Sources */,
				230728BF1908DB5F1B976B57 /* WaveletApp.swift in Sources */,
			);
			runOnlyForDeploymentPostprocessing = 0;
		};
/* End PBXSourcesBuildPhase section */

/* Begin XCBuildConfiguration section */
		02769D2E04573F4DD7092CCB /* Release */ = {
			isa = XCBuildConfiguration;
			buildSettings = {
				ASSETCATALOG_COMPILER_APPICON_NAME = AppIcon;
				CODE_SIGN_ENTITLEMENTS = Sources/Support/Wavelet.entitlements;
				CODE_SIGN_IDENTITY = "iPhone Developer";
				CURRENT_PROJECT_VERSION = 1;
				GENERATE_INFOPLIST_FILE = NO;
				INFOPLIST_FILE = Sources/Support/Info.plist;
				LD_RUNPATH_SEARCH_PATHS = (
					"$(inherited)",
					"@executable_path/Frameworks",
				);
				MARKETING_VERSION = 0.1.0;
				PRODUCT_BUNDLE_IDENTIFIER = me.johannesgrof.wavelet;
				PRODUCT_NAME = Wavelet;
				SDKROOT = iphoneos;
				TARGETED_DEVICE_FAMILY = 1;
			};
			name = Release;
		};
		4B825D198F0C4826C8E3DC42 /* Release */ = {
			isa = XCBuildConfiguration;
			buildSettings = {
				ALWAYS_SEARCH_USER_PATHS = NO;
				CLANG_ANALYZER_NONNULL = YES;
				CLANG_ANALYZER_NUMBER_OBJECT_CONVERSION = YES_AGGRESSIVE;
				CLANG_CXX_LANGUAGE_STANDARD = "gnu++14";
				CLANG_CXX_LIBRARY = "libc++";
				CLANG_ENABLE_MODULES = YES;
				CLANG_ENABLE_OBJC_ARC = YES;
				CLANG_ENABLE_OBJC_WEAK = YES;
				CLANG_WARN_BLOCK_CAPTURE_AUTORELEASING = YES;
				CLANG_WARN_BOOL_CONVERSION = YES;
				CLANG_WARN_COMMA = YES;
				CLANG_WARN_CONSTANT_CONVERSION = YES;
				CLANG_WARN_DEPRECATED_OBJC_IMPLEMENTATIONS = YES;
				CLANG_WARN_DIRECT_OBJC_ISA_USAGE = YES_ERROR;
				CLANG_WARN_DOCUMENTATION_COMMENTS = YES;
				CLANG_WARN_EMPTY_BODY = YES;
				CLANG_WARN_ENUM_CONVERSION = YES;
				CLANG_WARN_INFINITE_RECURSION = YES;
				CLANG_WARN_INT_CONVERSION = YES;
				CLANG_WARN_NON_LITERAL_NULL_CONVERSION = YES;
				CLANG_WARN_OBJC_IMPLICIT_RETAIN_SELF = YES;
				CLANG_WARN_OBJC_LITERAL_CONVERSION = YES;
				CLANG_WARN_OBJC_ROOT_CLASS = YES_ERROR;
				CLANG_WARN_QUOTED_INCLUDE_IN_FRAMEWORK_HEADER = YES;
				CLANG_WARN_RANGE_LOOP_ANALYSIS = YES;
				CLANG_WARN_STRICT_PROTOTYPES = YES;
				CLANG_WARN_SUSPICIOUS_MOVE = YES;
				CLANG_WARN_UNGUARDED_AVAILABILITY = YES_AGGRESSIVE;
				CLANG_WARN_UNREACHABLE_CODE = YES;
				CLANG_WARN__DUPLICATE_METHOD_MATCH = YES;
				CODE_SIGN_STYLE = Automatic;
				COPY_PHASE_STRIP = NO;
				DEBUG_INFORMATION_FORMAT = "dwarf-with-dsym";
				DEVELOPMENT_TEAM = M45V83ZMD8;
				ENABLE_NS_ASSERTIONS = NO;
				ENABLE_STRICT_OBJC_MSGSEND = YES;
				ENABLE_USER_SCRIPT_SANDBOXING = YES;
				GCC_C_LANGUAGE_STANDARD = gnu11;
				GCC_NO_COMMON_BLOCKS = YES;
				GCC_WARN_64_TO_32_BIT_CONVERSION = YES;
				GCC_WARN_ABOUT_RETURN_TYPE = YES_ERROR;
				GCC_WARN_UNDECLARED_SELECTOR = YES;
				GCC_WARN_UNINITIALIZED_AUTOS = YES_AGGRESSIVE;
				GCC_WARN_UNUSED_FUNCTION = YES;
				GCC_WARN_UNUSED_VARIABLE = YES;
				IPHONEOS_DEPLOYMENT_TARGET = 17.0;
				MTL_ENABLE_DEBUG_INFO = NO;
				MTL_FAST_MATH = YES;
				PRODUCT_NAME = "$(TARGET_NAME)";
				SDKROOT = iphoneos;
				SWIFT_COMPILATION_MODE = wholemodule;
				SWIFT_OPTIMIZATION_LEVEL = "-O";
				SWIFT_STRICT_CONCURRENCY = complete;
				SWIFT_VERSION = 5.0;
			};
			name = Release;
		};
		D0EC2B54E6EA020F61BFEF5E /* Debug */ = {
			isa = XCBuildConfiguration;
			buildSettings = {
				ALWAYS_SEARCH_USER_PATHS = NO;
				CLANG_ANALYZER_NONNULL = YES;
				CLANG_ANALYZER_NUMBER_OBJECT_CONVERSION = YES_AGGRESSIVE;
				CLANG_CXX_LANGUAGE_STANDARD = "gnu++14";
				CLANG_CXX_LIBRARY = "libc++";
				CLANG_ENABLE_MODULES = YES;
				CLANG_ENABLE_OBJC_ARC = YES;
				CLANG_ENABLE_OBJC_WEAK = YES;
				CLANG_WARN_BLOCK_CAPTURE_AUTORELEASING = YES;
				CLANG_WARN_BOOL_CONVERSION = YES;
				CLANG_WARN_COMMA = YES;
				CLANG_WARN_CONSTANT_CONVERSION = YES;
				CLANG_WARN_DEPRECATED_OBJC_IMPLEMENTATIONS = YES;
				CLANG_WARN_DIRECT_OBJC_ISA_USAGE = YES_ERROR;
				CLANG_WARN_DOCUMENTATION_COMMENTS = YES;
				CLANG_WARN_EMPTY_BODY = YES;
				CLANG_WARN_ENUM_CONVERSION = YES;
				CLANG_WARN_INFINITE_RECURSION = YES;
				CLANG_WARN_INT_CONVERSION = YES;
				CLANG_WARN_NON_LITERAL_NULL_CONVERSION = YES;
				CLANG_WARN_OBJC_IMPLICIT_RETAIN_SELF = YES;
				CLANG_WARN_OBJC_LITERAL_CONVERSION = YES;
				CLANG_WARN_OBJC_ROOT_CLASS = YES_ERROR;
				CLANG_WARN_QUOTED_INCLUDE_IN_FRAMEWORK_HEADER = YES;
				CLANG_WARN_RANGE_LOOP_ANALYSIS = YES;
				CLANG_WARN_STRICT_PROTOTYPES = YES;
				CLANG_WARN_SUSPICIOUS_MOVE = YES;
				CLANG_WARN_UNGUARDED_AVAILABILITY = YES_AGGRESSIVE;
				CLANG_WARN_UNREACHABLE_CODE = YES;
				CLANG_WARN__DUPLICATE_METHOD_MATCH = YES;
				CODE_SIGN_STYLE = Automatic;
				COPY_PHASE_STRIP = NO;
				DEBUG_INFORMATION_FORMAT = dwarf;
				DEVELOPMENT_TEAM = M45V83ZMD8;
				ENABLE_STRICT_OBJC_MSGSEND = YES;
				ENABLE_TESTABILITY = YES;
				ENABLE_USER_SCRIPT_SANDBOXING = YES;
				GCC_C_LANGUAGE_STANDARD = gnu11;
				GCC_DYNAMIC_NO_PIC = NO;
				GCC_NO_COMMON_BLOCKS = YES;
				GCC_OPTIMIZATION_LEVEL = 0;
				GCC_PREPROCESSOR_DEFINITIONS = (
					"$(inherited)",
					"DEBUG=1",
				);
				GCC_WARN_64_TO_32_BIT_CONVERSION = YES;
				GCC_WARN_ABOUT_RETURN_TYPE = YES_ERROR;
				GCC_WARN_UNDECLARED_SELECTOR = YES;
				GCC_WARN_UNINITIALIZED_AUTOS = YES_AGGRESSIVE;
				GCC_WARN_UNUSED_FUNCTION = YES;
				GCC_WARN_UNUSED_VARIABLE = YES;
				IPHONEOS_DEPLOYMENT_TARGET = 17.0;
				MTL_ENABLE_DEBUG_INFO = INCLUDE_SOURCE;
				MTL_FAST_MATH = YES;
				ONLY_ACTIVE_ARCH = YES;
				PRODUCT_NAME = "$(TARGET_NAME)";
				SDKROOT = iphoneos;
				SWIFT_ACTIVE_COMPILATION_CONDITIONS = DEBUG;
				SWIFT_OPTIMIZATION_LEVEL = "-Onone";
				SWIFT_STRICT_CONCURRENCY = complete;
				SWIFT_VERSION = 5.0;
			};
			name = Debug;
		};
		FAA76653280312617FC3C654 /* Debug */ = {
			isa = XCBuildConfiguration;
			buildSettings = {
				ASSETCATALOG_COMPILER_APPICON_NAME = AppIcon;
				CODE_SIGN_ENTITLEMENTS = Sources/Support/Wavelet.entitlements;
				CODE_SIGN_IDENTITY = "iPhone Developer";
				CURRENT_PROJECT_VERSION = 1;
				GENERATE_INFOPLIST_FILE = NO;
				INFOPLIST_FILE = Sources/Support/Info.plist;
				LD_RUNPATH_SEARCH_PATHS = (
					"$(inherited)",
					"@executable_path/Frameworks",
				);
				MARKETING_VERSION = 0.1.0;
				PRODUCT_BUNDLE_IDENTIFIER = me.johannesgrof.wavelet;
				PRODUCT_NAME = Wavelet;
				SDKROOT = iphoneos;
				TARGETED_DEVICE_FAMILY = 1;
			};
			name = Debug;
		};
/* End XCBuildConfiguration section */

/* Begin XCConfigurationList section */
		08855AF922ED2AB36AF6DE67 /* Build configuration list for PBXNativeTarget "Wavelet" */ = {
			isa = XCConfigurationList;
			buildConfigurations = (
				FAA76653280312617FC3C654 /* Debug */,
				02769D2E04573F4DD7092CCB /* Release */,
			);
			defaultConfigurationIsVisible = 0;
			defaultConfigurationName = Debug;
		};
		20C4E4CDD7EAC8C2174252F5 /* Build configuration list for PBXProject "Wavelet" */ = {
			isa = XCConfigurationList;
			buildConfigurations = (
				D0EC2B54E6EA020F61BFEF5E /* Debug */,
				4B825D198F0C4826C8E3DC42 /* Release */,
			);
			defaultConfigurationIsVisible = 0;
			defaultConfigurationName = Debug;
		};
/* End XCConfigurationList section */

/* Begin XCRemoteSwiftPackageReference section */
		23C569D56A4E978603A733CE /* XCRemoteSwiftPackageReference "supabase-swift" */ = {
			isa = XCRemoteSwiftPackageReference;
			repositoryURL = "https://github.com/supabase/supabase-swift";
			requirement = {
				kind = upToNextMajorVersion;
				minimumVersion = 2.0.0;
			};
		};
/* End XCRemoteSwiftPackageReference section */

/* Begin XCSwiftPackageProductDependency section */
		E40D8A313FEF5E3D4601A10E /* Supabase */ = {
			isa = XCSwiftPackageProductDependency;
			package = 23C569D56A4E978603A733CE /* XCRemoteSwiftPackageReference "supabase-swift" */;
			productName = Supabase;
		};
/* End XCSwiftPackageProductDependency section */
	};
	rootObject = 872BCE8B7489A492ED8873E1 /* Project object */;
}
